// !$*UTF8*$!
{
	archiveVersion = 1;
	classes = {
	};
	objectVersion = 50;
	objects = {

/* Begin PBXBuildFile section */
		2D0D457C239812BA00DAE756 /* Day4.framework in Frameworks */ = {isa = PBXBuildFile; fileRef = 2D0D4573239812BA00DAE756 /* Day4.framework */; };
		2D0D4581239812BA00DAE756 /* Day4Tests.swift in Sources */ = {isa = PBXBuildFile; fileRef = 2D0D4580239812BA00DAE756 /* Day4Tests.swift */; };
		2D0D4583239812BA00DAE756 /* Day4.h in Headers */ = {isa = PBXBuildFile; fileRef = 2D0D4575239812BA00DAE756 /* Day4.h */; settings = {ATTRIBUTES = (Public, ); }; };
		2D0D458B239812CB00DAE756 /* Day4.swift in Sources */ = {isa = PBXBuildFile; fileRef = 2D0D458A239812CB00DAE756 /* Day4.swift */; };
		2D0D45A1239AB16500DAE756 /* Day5.framework in Frameworks */ = {isa = PBXBuildFile; fileRef = 2D0D4598239AB16400DAE756 /* Day5.framework */; };
		2D0D45A6239AB16500DAE756 /* Day5Tests.swift in Sources */ = {isa = PBXBuildFile; fileRef = 2D0D45A5239AB16500DAE756 /* Day5Tests.swift */; };
		2D0D45A8239AB16500DAE756 /* Day5.h in Headers */ = {isa = PBXBuildFile; fileRef = 2D0D459A239AB16400DAE756 /* Day5.h */; settings = {ATTRIBUTES = (Public, ); }; };
		2D0D45B0239AB17600DAE756 /* Day5.swift in Sources */ = {isa = PBXBuildFile; fileRef = 2D0D45AF239AB17600DAE756 /* Day5.swift */; };
		2D0D45B2239AB1CC00DAE756 /* Opcodes.swift in Sources */ = {isa = PBXBuildFile; fileRef = 2D0D45B1239AB1CC00DAE756 /* Opcodes.swift */; };
		2D0D45B4239AB4AE00DAE756 /* OpcodesTests.swift in Sources */ = {isa = PBXBuildFile; fileRef = 2D0D45B3239AB4AE00DAE756 /* OpcodesTests.swift */; };
		2D4A0BF6239478AA001D0A6C /* AOCKit.framework in Frameworks */ = {isa = PBXBuildFile; fileRef = 2D4A0BED239478A9001D0A6C /* AOCKit.framework */; };
		2D4A0BFB239478AA001D0A6C /* AOCKitTests.swift in Sources */ = {isa = PBXBuildFile; fileRef = 2D4A0BFA239478AA001D0A6C /* AOCKitTests.swift */; };
		2D4A0BFD239478AA001D0A6C /* AOCKit.h in Headers */ = {isa = PBXBuildFile; fileRef = 2D4A0BEF239478A9001D0A6C /* AOCKit.h */; settings = {ATTRIBUTES = (Public, ); }; };
		2D4A0C1D2394794E001D0A6C /* Day1.framework in Frameworks */ = {isa = PBXBuildFile; fileRef = 2D4A0C142394794D001D0A6C /* Day1.framework */; };
		2D4A0C222394794E001D0A6C /* Day1Tests.swift in Sources */ = {isa = PBXBuildFile; fileRef = 2D4A0C212394794E001D0A6C /* Day1Tests.swift */; };
		2D4A0C242394794E001D0A6C /* Day1.h in Headers */ = {isa = PBXBuildFile; fileRef = 2D4A0C162394794D001D0A6C /* Day1.h */; settings = {ATTRIBUTES = (Public, ); }; };
		2D4A0C2C2394797E001D0A6C /* Day1.swift in Sources */ = {isa = PBXBuildFile; fileRef = 2D4A0C2B2394797E001D0A6C /* Day1.swift */; };
		2D4A0C3D23956792001D0A6C /* Day2.framework in Frameworks */ = {isa = PBXBuildFile; fileRef = 2D4A0C3423956792001D0A6C /* Day2.framework */; };
		2D4A0C4223956792001D0A6C /* Day2Tests.swift in Sources */ = {isa = PBXBuildFile; fileRef = 2D4A0C4123956792001D0A6C /* Day2Tests.swift */; };
		2D4A0C4423956793001D0A6C /* Day2.h in Headers */ = {isa = PBXBuildFile; fileRef = 2D4A0C3623956792001D0A6C /* Day2.h */; settings = {ATTRIBUTES = (Public, ); }; };
		2D4A0C4C239567A3001D0A6C /* Day2.swift in Sources */ = {isa = PBXBuildFile; fileRef = 2D4A0C4B239567A3001D0A6C /* Day2.swift */; };
		2DF1B67223969AFE002C483D /* Day3.framework in Frameworks */ = {isa = PBXBuildFile; fileRef = 2DF1B66923969AFE002C483D /* Day3.framework */; };
		2DF1B67723969AFF002C483D /* Day3Tests.swift in Sources */ = {isa = PBXBuildFile; fileRef = 2DF1B67623969AFF002C483D /* Day3Tests.swift */; };
		2DF1B67923969AFF002C483D /* Day3.h in Headers */ = {isa = PBXBuildFile; fileRef = 2DF1B66B23969AFE002C483D /* Day3.h */; settings = {ATTRIBUTES = (Public, ); }; };
		2DF1B68123969B15002C483D /* Day3.swift in Sources */ = {isa = PBXBuildFile; fileRef = 2DF1B68023969B15002C483D /* Day3.swift */; };
/* End PBXBuildFile section */

/* Begin PBXContainerItemProxy section */
		2D0D457D239812BA00DAE756 /* PBXContainerItemProxy */ = {
			isa = PBXContainerItemProxy;
			containerPortal = 2D4A0BD623947891001D0A6C /* Project object */;
			proxyType = 1;
			remoteGlobalIDString = 2D0D4572239812BA00DAE756;
			remoteInfo = Day4;
		};
		2D0D45A2239AB16500DAE756 /* PBXContainerItemProxy */ = {
			isa = PBXContainerItemProxy;
			containerPortal = 2D4A0BD623947891001D0A6C /* Project object */;
			proxyType = 1;
			remoteGlobalIDString = 2D0D4597239AB16400DAE756;
			remoteInfo = Day5;
		};
		2D0D45B5239AB5CE00DAE756 /* PBXContainerItemProxy */ = {
			isa = PBXContainerItemProxy;
			containerPortal = 2D4A0BD623947891001D0A6C /* Project object */;
			proxyType = 1;
			remoteGlobalIDString = 2D4A0BEC239478A9001D0A6C;
			remoteInfo = AOCKit;
		};
		2D4A0BF7239478AA001D0A6C /* PBXContainerItemProxy */ = {
			isa = PBXContainerItemProxy;
			containerPortal = 2D4A0BD623947891001D0A6C /* Project object */;
			proxyType = 1;
			remoteGlobalIDString = 2D4A0BEC239478A9001D0A6C;
			remoteInfo = AOCKit;
		};
		2D4A0C1E2394794E001D0A6C /* PBXContainerItemProxy */ = {
			isa = PBXContainerItemProxy;
			containerPortal = 2D4A0BD623947891001D0A6C /* Project object */;
			proxyType = 1;
			remoteGlobalIDString = 2D4A0C132394794D001D0A6C;
			remoteInfo = Day1;
		};
		2D4A0C3E23956792001D0A6C /* PBXContainerItemProxy */ = {
			isa = PBXContainerItemProxy;
			containerPortal = 2D4A0BD623947891001D0A6C /* Project object */;
			proxyType = 1;
			remoteGlobalIDString = 2D4A0C3323956792001D0A6C;
			remoteInfo = Day2;
		};
		2DF1B67323969AFE002C483D /* PBXContainerItemProxy */ = {
			isa = PBXContainerItemProxy;
			containerPortal = 2D4A0BD623947891001D0A6C /* Project object */;
			proxyType = 1;
			remoteGlobalIDString = 2DF1B66823969AFE002C483D;
			remoteInfo = Day3;
		};
/* End PBXContainerItemProxy section */

/* Begin PBXFileReference section */
		2D0D4573239812BA00DAE756 /* Day4.framework */ = {isa = PBXFileReference; explicitFileType = wrapper.framework; includeInIndex = 0; path = Day4.framework; sourceTree = BUILT_PRODUCTS_DIR; };
		2D0D4575239812BA00DAE756 /* Day4.h */ = {isa = PBXFileReference; lastKnownFileType = sourcecode.c.h; path = Day4.h; sourceTree = "<group>"; };
		2D0D4576239812BA00DAE756 /* Info.plist */ = {isa = PBXFileReference; lastKnownFileType = text.plist.xml; path = Info.plist; sourceTree = "<group>"; };
		2D0D457B239812BA00DAE756 /* Day4Tests.xctest */ = {isa = PBXFileReference; explicitFileType = wrapper.cfbundle; includeInIndex = 0; path = Day4Tests.xctest; sourceTree = BUILT_PRODUCTS_DIR; };
		2D0D4580239812BA00DAE756 /* Day4Tests.swift */ = {isa = PBXFileReference; lastKnownFileType = sourcecode.swift; path = Day4Tests.swift; sourceTree = "<group>"; };
		2D0D4582239812BA00DAE756 /* Info.plist */ = {isa = PBXFileReference; lastKnownFileType = text.plist.xml; path = Info.plist; sourceTree = "<group>"; };
		2D0D458A239812CB00DAE756 /* Day4.swift */ = {isa = PBXFileReference; lastKnownFileType = sourcecode.swift; path = Day4.swift; sourceTree = "<group>"; };
		2D0D4598239AB16400DAE756 /* Day5.framework */ = {isa = PBXFileReference; explicitFileType = wrapper.framework; includeInIndex = 0; path = Day5.framework; sourceTree = BUILT_PRODUCTS_DIR; };
		2D0D459A239AB16400DAE756 /* Day5.h */ = {isa = PBXFileReference; lastKnownFileType = sourcecode.c.h; path = Day5.h; sourceTree = "<group>"; };
		2D0D459B239AB16400DAE756 /* Info.plist */ = {isa = PBXFileReference; lastKnownFileType = text.plist.xml; path = Info.plist; sourceTree = "<group>"; };
		2D0D45A0239AB16500DAE756 /* Day5Tests.xctest */ = {isa = PBXFileReference; explicitFileType = wrapper.cfbundle; includeInIndex = 0; path = Day5Tests.xctest; sourceTree = BUILT_PRODUCTS_DIR; };
		2D0D45A5239AB16500DAE756 /* Day5Tests.swift */ = {isa = PBXFileReference; lastKnownFileType = sourcecode.swift; path = Day5Tests.swift; sourceTree = "<group>"; };
		2D0D45A7239AB16500DAE756 /* Info.plist */ = {isa = PBXFileReference; lastKnownFileType = text.plist.xml; path = Info.plist; sourceTree = "<group>"; };
		2D0D45AF239AB17600DAE756 /* Day5.swift */ = {isa = PBXFileReference; lastKnownFileType = sourcecode.swift; path = Day5.swift; sourceTree = "<group>"; };
		2D0D45B1239AB1CC00DAE756 /* Opcodes.swift */ = {isa = PBXFileReference; lastKnownFileType = sourcecode.swift; path = Opcodes.swift; sourceTree = "<group>"; };
		2D0D45B3239AB4AE00DAE756 /* OpcodesTests.swift */ = {isa = PBXFileReference; lastKnownFileType = sourcecode.swift; path = OpcodesTests.swift; sourceTree = "<group>"; };
		2D4A0BED239478A9001D0A6C /* AOCKit.framework */ = {isa = PBXFileReference; explicitFileType = wrapper.framework; includeInIndex = 0; path = AOCKit.framework; sourceTree = BUILT_PRODUCTS_DIR; };
		2D4A0BEF239478A9001D0A6C /* AOCKit.h */ = {isa = PBXFileReference; lastKnownFileType = sourcecode.c.h; path = AOCKit.h; sourceTree = "<group>"; };
		2D4A0BF0239478A9001D0A6C /* Info.plist */ = {isa = PBXFileReference; lastKnownFileType = text.plist.xml; path = Info.plist; sourceTree = "<group>"; };
		2D4A0BF5239478AA001D0A6C /* AOCKitTests.xctest */ = {isa = PBXFileReference; explicitFileType = wrapper.cfbundle; includeInIndex = 0; path = AOCKitTests.xctest; sourceTree = BUILT_PRODUCTS_DIR; };
		2D4A0BFA239478AA001D0A6C /* AOCKitTests.swift */ = {isa = PBXFileReference; lastKnownFileType = sourcecode.swift; path = AOCKitTests.swift; sourceTree = "<group>"; };
		2D4A0BFC239478AA001D0A6C /* Info.plist */ = {isa = PBXFileReference; lastKnownFileType = text.plist.xml; path = Info.plist; sourceTree = "<group>"; };
		2D4A0C142394794D001D0A6C /* Day1.framework */ = {isa = PBXFileReference; explicitFileType = wrapper.framework; includeInIndex = 0; path = Day1.framework; sourceTree = BUILT_PRODUCTS_DIR; };
		2D4A0C162394794D001D0A6C /* Day1.h */ = {isa = PBXFileReference; lastKnownFileType = sourcecode.c.h; path = Day1.h; sourceTree = "<group>"; };
		2D4A0C172394794E001D0A6C /* Info.plist */ = {isa = PBXFileReference; lastKnownFileType = text.plist.xml; path = Info.plist; sourceTree = "<group>"; };
		2D4A0C1C2394794E001D0A6C /* Day1Tests.xctest */ = {isa = PBXFileReference; explicitFileType = wrapper.cfbundle; includeInIndex = 0; path = Day1Tests.xctest; sourceTree = BUILT_PRODUCTS_DIR; };
		2D4A0C212394794E001D0A6C /* Day1Tests.swift */ = {isa = PBXFileReference; lastKnownFileType = sourcecode.swift; path = Day1Tests.swift; sourceTree = "<group>"; };
		2D4A0C232394794E001D0A6C /* Info.plist */ = {isa = PBXFileReference; lastKnownFileType = text.plist.xml; path = Info.plist; sourceTree = "<group>"; };
		2D4A0C2B2394797E001D0A6C /* Day1.swift */ = {isa = PBXFileReference; lastKnownFileType = sourcecode.swift; path = Day1.swift; sourceTree = "<group>"; };
		2D4A0C2E23948122001D0A6C /* AllTests.xctestplan */ = {isa = PBXFileReference; lastKnownFileType = text; name = AllTests.xctestplan; path = "Advent Of Code.xcodeproj/AllTests.xctestplan"; sourceTree = "<group>"; };
		2D4A0C3423956792001D0A6C /* Day2.framework */ = {isa = PBXFileReference; explicitFileType = wrapper.framework; includeInIndex = 0; path = Day2.framework; sourceTree = BUILT_PRODUCTS_DIR; };
		2D4A0C3623956792001D0A6C /* Day2.h */ = {isa = PBXFileReference; lastKnownFileType = sourcecode.c.h; path = Day2.h; sourceTree = "<group>"; };
		2D4A0C3723956792001D0A6C /* Info.plist */ = {isa = PBXFileReference; lastKnownFileType = text.plist.xml; path = Info.plist; sourceTree = "<group>"; };
		2D4A0C3C23956792001D0A6C /* Day2Tests.xctest */ = {isa = PBXFileReference; explicitFileType = wrapper.cfbundle; includeInIndex = 0; path = Day2Tests.xctest; sourceTree = BUILT_PRODUCTS_DIR; };
		2D4A0C4123956792001D0A6C /* Day2Tests.swift */ = {isa = PBXFileReference; lastKnownFileType = sourcecode.swift; path = Day2Tests.swift; sourceTree = "<group>"; };
		2D4A0C4323956793001D0A6C /* Info.plist */ = {isa = PBXFileReference; lastKnownFileType = text.plist.xml; path = Info.plist; sourceTree = "<group>"; };
		2D4A0C4B239567A3001D0A6C /* Day2.swift */ = {isa = PBXFileReference; lastKnownFileType = sourcecode.swift; path = Day2.swift; sourceTree = "<group>"; };
		2DF1B66923969AFE002C483D /* Day3.framework */ = {isa = PBXFileReference; explicitFileType = wrapper.framework; includeInIndex = 0; path = Day3.framework; sourceTree = BUILT_PRODUCTS_DIR; };
		2DF1B66B23969AFE002C483D /* Day3.h */ = {isa = PBXFileReference; lastKnownFileType = sourcecode.c.h; path = Day3.h; sourceTree = "<group>"; };
		2DF1B66C23969AFE002C483D /* Info.plist */ = {isa = PBXFileReference; lastKnownFileType = text.plist.xml; path = Info.plist; sourceTree = "<group>"; };
		2DF1B67123969AFE002C483D /* Day3Tests.xctest */ = {isa = PBXFileReference; explicitFileType = wrapper.cfbundle; includeInIndex = 0; path = Day3Tests.xctest; sourceTree = BUILT_PRODUCTS_DIR; };
		2DF1B67623969AFF002C483D /* Day3Tests.swift */ = {isa = PBXFileReference; lastKnownFileType = sourcecode.swift; path = Day3Tests.swift; sourceTree = "<group>"; };
		2DF1B67823969AFF002C483D /* Info.plist */ = {isa = PBXFileReference; lastKnownFileType = text.plist.xml; path = Info.plist; sourceTree = "<group>"; };
		2DF1B68023969B15002C483D /* Day3.swift */ = {isa = PBXFileReference; lastKnownFileType = sourcecode.swift; path = Day3.swift; sourceTree = "<group>"; };
/* End PBXFileReference section */

/* Begin PBXFrameworksBuildPhase section */
		2D0D4570239812BA00DAE756 /* Frameworks */ = {
			isa = PBXFrameworksBuildPhase;
			buildActionMask = 2147483647;
			files = (
			);
			runOnlyForDeploymentPostprocessing = 0;
		};
		2D0D4578239812BA00DAE756 /* Frameworks */ = {
			isa = PBXFrameworksBuildPhase;
			buildActionMask = 2147483647;
			files = (
				2D0D457C239812BA00DAE756 /* Day4.framework in Frameworks */,
			);
			runOnlyForDeploymentPostprocessing = 0;
		};
		2D0D4595239AB16400DAE756 /* Frameworks */ = {
			isa = PBXFrameworksBuildPhase;
			buildActionMask = 2147483647;
			files = (
			);
			runOnlyForDeploymentPostprocessing = 0;
		};
		2D0D459D239AB16500DAE756 /* Frameworks */ = {
			isa = PBXFrameworksBuildPhase;
			buildActionMask = 2147483647;
			files = (
				2D0D45A1239AB16500DAE756 /* Day5.framework in Frameworks */,
			);
			runOnlyForDeploymentPostprocessing = 0;
		};
		2D4A0BEA239478A9001D0A6C /* Frameworks */ = {
			isa = PBXFrameworksBuildPhase;
			buildActionMask = 2147483647;
			files = (
			);
			runOnlyForDeploymentPostprocessing = 0;
		};
		2D4A0BF2239478AA001D0A6C /* Frameworks */ = {
			isa = PBXFrameworksBuildPhase;
			buildActionMask = 2147483647;
			files = (
				2D4A0BF6239478AA001D0A6C /* AOCKit.framework in Frameworks */,
			);
			runOnlyForDeploymentPostprocessing = 0;
		};
		2D4A0C112394794D001D0A6C /* Frameworks */ = {
			isa = PBXFrameworksBuildPhase;
			buildActionMask = 2147483647;
			files = (
			);
			runOnlyForDeploymentPostprocessing = 0;
		};
		2D4A0C192394794E001D0A6C /* Frameworks */ = {
			isa = PBXFrameworksBuildPhase;
			buildActionMask = 2147483647;
			files = (
				2D4A0C1D2394794E001D0A6C /* Day1.framework in Frameworks */,
			);
			runOnlyForDeploymentPostprocessing = 0;
		};
		2D4A0C3123956792001D0A6C /* Frameworks */ = {
			isa = PBXFrameworksBuildPhase;
			buildActionMask = 2147483647;
			files = (
			);
			runOnlyForDeploymentPostprocessing = 0;
		};
		2D4A0C3923956792001D0A6C /* Frameworks */ = {
			isa = PBXFrameworksBuildPhase;
			buildActionMask = 2147483647;
			files = (
				2D4A0C3D23956792001D0A6C /* Day2.framework in Frameworks */,
			);
			runOnlyForDeploymentPostprocessing = 0;
		};
		2DF1B66623969AFE002C483D /* Frameworks */ = {
			isa = PBXFrameworksBuildPhase;
			buildActionMask = 2147483647;
			files = (
			);
			runOnlyForDeploymentPostprocessing = 0;
		};
		2DF1B66E23969AFE002C483D /* Frameworks */ = {
			isa = PBXFrameworksBuildPhase;
			buildActionMask = 2147483647;
			files = (
				2DF1B67223969AFE002C483D /* Day3.framework in Frameworks */,
			);
			runOnlyForDeploymentPostprocessing = 0;
		};
/* End PBXFrameworksBuildPhase section */

/* Begin PBXGroup section */
		2D0D4574239812BA00DAE756 /* Day4 */ = {
			isa = PBXGroup;
			children = (
				2D0D4575239812BA00DAE756 /* Day4.h */,
				2D0D458A239812CB00DAE756 /* Day4.swift */,
				2D0D4576239812BA00DAE756 /* Info.plist */,
			);
			path = Day4;
			sourceTree = "<group>";
		};
		2D0D457F239812BA00DAE756 /* Day4Tests */ = {
			isa = PBXGroup;
			children = (
				2D0D4580239812BA00DAE756 /* Day4Tests.swift */,
				2D0D4582239812BA00DAE756 /* Info.plist */,
			);
			path = Day4Tests;
			sourceTree = "<group>";
		};
		2D0D4599239AB16400DAE756 /* Day5 */ = {
			isa = PBXGroup;
			children = (
				2D0D459A239AB16400DAE756 /* Day5.h */,
				2D0D45AF239AB17600DAE756 /* Day5.swift */,
				2D0D459B239AB16400DAE756 /* Info.plist */,
			);
			path = Day5;
			sourceTree = "<group>";
		};
		2D0D45A4239AB16500DAE756 /* Day5Tests */ = {
			isa = PBXGroup;
			children = (
				2D0D45A5239AB16500DAE756 /* Day5Tests.swift */,
				2D0D45A7239AB16500DAE756 /* Info.plist */,
			);
			path = Day5Tests;
			sourceTree = "<group>";
		};
		2D4A0BD523947891001D0A6C = {
			isa = PBXGroup;
			children = (
				2D4A0C2E23948122001D0A6C /* AllTests.xctestplan */,
				2D4A0BEE239478A9001D0A6C /* AOCKit */,
				2D4A0BF9239478AA001D0A6C /* AOCKitTests */,
				2D4A0C152394794D001D0A6C /* Day1 */,
				2D4A0C202394794E001D0A6C /* Day1Tests */,
				2D4A0C3523956792001D0A6C /* Day2 */,
				2D4A0C4023956792001D0A6C /* Day2Tests */,
				2DF1B66A23969AFE002C483D /* Day3 */,
				2DF1B67523969AFE002C483D /* Day3Tests */,
				2D0D4574239812BA00DAE756 /* Day4 */,
				2D0D457F239812BA00DAE756 /* Day4Tests */,
				2D0D4599239AB16400DAE756 /* Day5 */,
				2D0D45A4239AB16500DAE756 /* Day5Tests */,
				2D4A0BDF23947891001D0A6C /* Products */,
			);
			sourceTree = "<group>";
		};
		2D4A0BDF23947891001D0A6C /* Products */ = {
			isa = PBXGroup;
			children = (
				2D4A0BED239478A9001D0A6C /* AOCKit.framework */,
				2D4A0BF5239478AA001D0A6C /* AOCKitTests.xctest */,
				2D4A0C142394794D001D0A6C /* Day1.framework */,
				2D4A0C1C2394794E001D0A6C /* Day1Tests.xctest */,
				2D4A0C3423956792001D0A6C /* Day2.framework */,
				2D4A0C3C23956792001D0A6C /* Day2Tests.xctest */,
				2DF1B66923969AFE002C483D /* Day3.framework */,
				2DF1B67123969AFE002C483D /* Day3Tests.xctest */,
				2D0D4573239812BA00DAE756 /* Day4.framework */,
				2D0D457B239812BA00DAE756 /* Day4Tests.xctest */,
				2D0D4598239AB16400DAE756 /* Day5.framework */,
				2D0D45A0239AB16500DAE756 /* Day5Tests.xctest */,
			);
			name = Products;
			sourceTree = "<group>";
		};
		2D4A0BEE239478A9001D0A6C /* AOCKit */ = {
			isa = PBXGroup;
			children = (
				2D4A0BEF239478A9001D0A6C /* AOCKit.h */,
				2D4A0BF0239478A9001D0A6C /* Info.plist */,
				2D0D45B1239AB1CC00DAE756 /* Opcodes.swift */,
			);
			path = AOCKit;
			sourceTree = "<group>";
		};
		2D4A0BF9239478AA001D0A6C /* AOCKitTests */ = {
			isa = PBXGroup;
			children = (
				2D4A0BFA239478AA001D0A6C /* AOCKitTests.swift */,
				2D4A0BFC239478AA001D0A6C /* Info.plist */,
				2D0D45B3239AB4AE00DAE756 /* OpcodesTests.swift */,
			);
			path = AOCKitTests;
			sourceTree = "<group>";
		};
		2D4A0C152394794D001D0A6C /* Day1 */ = {
			isa = PBXGroup;
			children = (
				2D4A0C162394794D001D0A6C /* Day1.h */,
				2D4A0C2B2394797E001D0A6C /* Day1.swift */,
				2D4A0C172394794E001D0A6C /* Info.plist */,
			);
			path = Day1;
			sourceTree = "<group>";
		};
		2D4A0C202394794E001D0A6C /* Day1Tests */ = {
			isa = PBXGroup;
			children = (
				2D4A0C212394794E001D0A6C /* Day1Tests.swift */,
				2D4A0C232394794E001D0A6C /* Info.plist */,
			);
			path = Day1Tests;
			sourceTree = "<group>";
		};
		2D4A0C3523956792001D0A6C /* Day2 */ = {
			isa = PBXGroup;
			children = (
				2D4A0C3623956792001D0A6C /* Day2.h */,
				2D4A0C4B239567A3001D0A6C /* Day2.swift */,
				2D4A0C3723956792001D0A6C /* Info.plist */,
			);
			path = Day2;
			sourceTree = "<group>";
		};
		2D4A0C4023956792001D0A6C /* Day2Tests */ = {
			isa = PBXGroup;
			children = (
				2D4A0C4123956792001D0A6C /* Day2Tests.swift */,
				2D4A0C4323956793001D0A6C /* Info.plist */,
			);
			path = Day2Tests;
			sourceTree = "<group>";
		};
		2DF1B66A23969AFE002C483D /* Day3 */ = {
			isa = PBXGroup;
			children = (
				2DF1B66B23969AFE002C483D /* Day3.h */,
				2DF1B66C23969AFE002C483D /* Info.plist */,
				2DF1B68023969B15002C483D /* Day3.swift */,
			);
			path = Day3;
			sourceTree = "<group>";
		};
		2DF1B67523969AFE002C483D /* Day3Tests */ = {
			isa = PBXGroup;
			children = (
				2DF1B67623969AFF002C483D /* Day3Tests.swift */,
				2DF1B67823969AFF002C483D /* Info.plist */,
			);
			path = Day3Tests;
			sourceTree = "<group>";
		};
/* End PBXGroup section */

/* Begin PBXHeadersBuildPhase section */
		2D0D456E239812BA00DAE756 /* Headers */ = {
			isa = PBXHeadersBuildPhase;
			buildActionMask = 2147483647;
			files = (
				2D0D4583239812BA00DAE756 /* Day4.h in Headers */,
			);
			runOnlyForDeploymentPostprocessing = 0;
		};
		2D0D4593239AB16400DAE756 /* Headers */ = {
			isa = PBXHeadersBuildPhase;
			buildActionMask = 2147483647;
			files = (
				2D0D45A8239AB16500DAE756 /* Day5.h in Headers */,
			);
			runOnlyForDeploymentPostprocessing = 0;
		};
		2D4A0BE8239478A9001D0A6C /* Headers */ = {
			isa = PBXHeadersBuildPhase;
			buildActionMask = 2147483647;
			files = (
				2D4A0BFD239478AA001D0A6C /* AOCKit.h in Headers */,
			);
			runOnlyForDeploymentPostprocessing = 0;
		};
		2D4A0C0F2394794D001D0A6C /* Headers */ = {
			isa = PBXHeadersBuildPhase;
			buildActionMask = 2147483647;
			files = (
				2D4A0C242394794E001D0A6C /* Day1.h in Headers */,
			);
			runOnlyForDeploymentPostprocessing = 0;
		};
		2D4A0C2F23956792001D0A6C /* Headers */ = {
			isa = PBXHeadersBuildPhase;
			buildActionMask = 2147483647;
			files = (
				2D4A0C4423956793001D0A6C /* Day2.h in Headers */,
			);
			runOnlyForDeploymentPostprocessing = 0;
		};
		2DF1B66423969AFE002C483D /* Headers */ = {
			isa = PBXHeadersBuildPhase;
			buildActionMask = 2147483647;
			files = (
				2DF1B67923969AFF002C483D /* Day3.h in Headers */,
			);
			runOnlyForDeploymentPostprocessing = 0;
		};
/* End PBXHeadersBuildPhase section */

/* Begin PBXNativeTarget section */
		2D0D4572239812BA00DAE756 /* Day4 */ = {
			isa = PBXNativeTarget;
			buildConfigurationList = 2D0D4588239812BA00DAE756 /* Build configuration list for PBXNativeTarget "Day4" */;
			buildPhases = (
				2D0D456E239812BA00DAE756 /* Headers */,
				2D0D456F239812BA00DAE756 /* Sources */,
				2D0D4570239812BA00DAE756 /* Frameworks */,
				2D0D4571239812BA00DAE756 /* Resources */,
			);
			buildRules = (
			);
			dependencies = (
			);
			name = Day4;
			productName = Day4;
			productReference = 2D0D4573239812BA00DAE756 /* Day4.framework */;
			productType = "com.apple.product-type.framework";
		};
		2D0D457A239812BA00DAE756 /* Day4Tests */ = {
			isa = PBXNativeTarget;
			buildConfigurationList = 2D0D4589239812BA00DAE756 /* Build configuration list for PBXNativeTarget "Day4Tests" */;
			buildPhases = (
				2D0D4577239812BA00DAE756 /* Sources */,
				2D0D4578239812BA00DAE756 /* Frameworks */,
				2D0D4579239812BA00DAE756 /* Resources */,
			);
			buildRules = (
			);
			dependencies = (
				2D0D457E239812BA00DAE756 /* PBXTargetDependency */,
			);
			name = Day4Tests;
			productName = Day4Tests;
			productReference = 2D0D457B239812BA00DAE756 /* Day4Tests.xctest */;
			productType = "com.apple.product-type.bundle.unit-test";
		};
		2D0D4597239AB16400DAE756 /* Day5 */ = {
			isa = PBXNativeTarget;
			buildConfigurationList = 2D0D45AD239AB16500DAE756 /* Build configuration list for PBXNativeTarget "Day5" */;
			buildPhases = (
				2D0D4593239AB16400DAE756 /* Headers */,
				2D0D4594239AB16400DAE756 /* Sources */,
				2D0D4595239AB16400DAE756 /* Frameworks */,
				2D0D4596239AB16400DAE756 /* Resources */,
			);
			buildRules = (
			);
			dependencies = (
			);
			name = Day5;
			productName = Day5;
			productReference = 2D0D4598239AB16400DAE756 /* Day5.framework */;
			productType = "com.apple.product-type.framework";
		};
		2D0D459F239AB16500DAE756 /* Day5Tests */ = {
			isa = PBXNativeTarget;
			buildConfigurationList = 2D0D45AE239AB16500DAE756 /* Build configuration list for PBXNativeTarget "Day5Tests" */;
			buildPhases = (
				2D0D459C239AB16500DAE756 /* Sources */,
				2D0D459D239AB16500DAE756 /* Frameworks */,
				2D0D459E239AB16500DAE756 /* Resources */,
			);
			buildRules = (
			);
			dependencies = (
				2D0D45A3239AB16500DAE756 /* PBXTargetDependency */,
			);
			name = Day5Tests;
			productName = Day5Tests;
			productReference = 2D0D45A0239AB16500DAE756 /* Day5Tests.xctest */;
			productType = "com.apple.product-type.bundle.unit-test";
		};
		2D4A0BEC239478A9001D0A6C /* AOCKit */ = {
			isa = PBXNativeTarget;
			buildConfigurationList = 2D4A0BFE239478AA001D0A6C /* Build configuration list for PBXNativeTarget "AOCKit" */;
			buildPhases = (
				2D4A0BE8239478A9001D0A6C /* Headers */,
				2D4A0BE9239478A9001D0A6C /* Sources */,
				2D4A0BEA239478A9001D0A6C /* Frameworks */,
				2D4A0BEB239478A9001D0A6C /* Resources */,
			);
			buildRules = (
			);
			dependencies = (
			);
			name = AOCKit;
			productName = AOCKit;
			productReference = 2D4A0BED239478A9001D0A6C /* AOCKit.framework */;
			productType = "com.apple.product-type.framework";
		};
		2D4A0BF4239478AA001D0A6C /* AOCKitTests */ = {
			isa = PBXNativeTarget;
			buildConfigurationList = 2D4A0C01239478AA001D0A6C /* Build configuration list for PBXNativeTarget "AOCKitTests" */;
			buildPhases = (
				2D4A0BF1239478AA001D0A6C /* Sources */,
				2D4A0BF2239478AA001D0A6C /* Frameworks */,
				2D4A0BF3239478AA001D0A6C /* Resources */,
			);
			buildRules = (
			);
			dependencies = (
				2D4A0BF8239478AA001D0A6C /* PBXTargetDependency */,
			);
			name = AOCKitTests;
			productName = AOCKitTests;
			productReference = 2D4A0BF5239478AA001D0A6C /* AOCKitTests.xctest */;
			productType = "com.apple.product-type.bundle.unit-test";
		};
		2D4A0C132394794D001D0A6C /* Day1 */ = {
			isa = PBXNativeTarget;
			buildConfigurationList = 2D4A0C252394794E001D0A6C /* Build configuration list for PBXNativeTarget "Day1" */;
			buildPhases = (
				2D4A0C0F2394794D001D0A6C /* Headers */,
				2D4A0C102394794D001D0A6C /* Sources */,
				2D4A0C112394794D001D0A6C /* Frameworks */,
				2D4A0C122394794D001D0A6C /* Resources */,
			);
			buildRules = (
			);
			dependencies = (
			);
			name = Day1;
			productName = Day1;
			productReference = 2D4A0C142394794D001D0A6C /* Day1.framework */;
			productType = "com.apple.product-type.framework";
		};
		2D4A0C1B2394794E001D0A6C /* Day1Tests */ = {
			isa = PBXNativeTarget;
			buildConfigurationList = 2D4A0C282394794E001D0A6C /* Build configuration list for PBXNativeTarget "Day1Tests" */;
			buildPhases = (
				2D4A0C182394794E001D0A6C /* Sources */,
				2D4A0C192394794E001D0A6C /* Frameworks */,
				2D4A0C1A2394794E001D0A6C /* Resources */,
			);
			buildRules = (
			);
			dependencies = (
				2D4A0C1F2394794E001D0A6C /* PBXTargetDependency */,
			);
			name = Day1Tests;
			productName = Day1Tests;
			productReference = 2D4A0C1C2394794E001D0A6C /* Day1Tests.xctest */;
			productType = "com.apple.product-type.bundle.unit-test";
		};
		2D4A0C3323956792001D0A6C /* Day2 */ = {
			isa = PBXNativeTarget;
			buildConfigurationList = 2D4A0C4923956793001D0A6C /* Build configuration list for PBXNativeTarget "Day2" */;
			buildPhases = (
				2D4A0C2F23956792001D0A6C /* Headers */,
				2D4A0C3023956792001D0A6C /* Sources */,
				2D4A0C3123956792001D0A6C /* Frameworks */,
				2D4A0C3223956792001D0A6C /* Resources */,
			);
			buildRules = (
			);
			dependencies = (
				2D0D45B6239AB5CE00DAE756 /* PBXTargetDependency */,
			);
			name = Day2;
			productName = Day2;
			productReference = 2D4A0C3423956792001D0A6C /* Day2.framework */;
			productType = "com.apple.product-type.framework";
		};
		2D4A0C3B23956792001D0A6C /* Day2Tests */ = {
			isa = PBXNativeTarget;
			buildConfigurationList = 2D4A0C4A23956793001D0A6C /* Build configuration list for PBXNativeTarget "Day2Tests" */;
			buildPhases = (
				2D4A0C3823956792001D0A6C /* Sources */,
				2D4A0C3923956792001D0A6C /* Frameworks */,
				2D4A0C3A23956792001D0A6C /* Resources */,
			);
			buildRules = (
			);
			dependencies = (
				2D4A0C3F23956792001D0A6C /* PBXTargetDependency */,
			);
			name = Day2Tests;
			productName = Day2Tests;
			productReference = 2D4A0C3C23956792001D0A6C /* Day2Tests.xctest */;
			productType = "com.apple.product-type.bundle.unit-test";
		};
		2DF1B66823969AFE002C483D /* Day3 */ = {
			isa = PBXNativeTarget;
			buildConfigurationList = 2DF1B67E23969AFF002C483D /* Build configuration list for PBXNativeTarget "Day3" */;
			buildPhases = (
				2DF1B66423969AFE002C483D /* Headers */,
				2DF1B66523969AFE002C483D /* Sources */,
				2DF1B66623969AFE002C483D /* Frameworks */,
				2DF1B66723969AFE002C483D /* Resources */,
			);
			buildRules = (
			);
			dependencies = (
			);
			name = Day3;
			productName = Day3;
			productReference = 2DF1B66923969AFE002C483D /* Day3.framework */;
			productType = "com.apple.product-type.framework";
		};
		2DF1B67023969AFE002C483D /* Day3Tests */ = {
			isa = PBXNativeTarget;
			buildConfigurationList = 2DF1B67F23969AFF002C483D /* Build configuration list for PBXNativeTarget "Day3Tests" */;
			buildPhases = (
				2DF1B66D23969AFE002C483D /* Sources */,
				2DF1B66E23969AFE002C483D /* Frameworks */,
				2DF1B66F23969AFE002C483D /* Resources */,
			);
			buildRules = (
			);
			dependencies = (
				2DF1B67423969AFE002C483D /* PBXTargetDependency */,
			);
			name = Day3Tests;
			productName = Day3Tests;
			productReference = 2DF1B67123969AFE002C483D /* Day3Tests.xctest */;
			productType = "com.apple.product-type.bundle.unit-test";
		};
/* End PBXNativeTarget section */

/* Begin PBXProject section */
		2D4A0BD623947891001D0A6C /* Project object */ = {
			isa = PBXProject;
			attributes = {
				LastSwiftUpdateCheck = 1120;
				LastUpgradeCheck = 1120;
				ORGANIZATIONNAME = eliperkins;
				TargetAttributes = {
					2D0D4572239812BA00DAE756 = {
						CreatedOnToolsVersion = 11.2.1;
						LastSwiftMigration = 1120;
					};
					2D0D457A239812BA00DAE756 = {
						CreatedOnToolsVersion = 11.2.1;
					};
					2D0D4597239AB16400DAE756 = {
						CreatedOnToolsVersion = 11.2.1;
						LastSwiftMigration = 1120;
					};
					2D0D459F239AB16500DAE756 = {
						CreatedOnToolsVersion = 11.2.1;
					};
					2D4A0BEC239478A9001D0A6C = {
						CreatedOnToolsVersion = 11.2.1;
						LastSwiftMigration = 1120;
					};
					2D4A0BF4239478AA001D0A6C = {
						CreatedOnToolsVersion = 11.2.1;
					};
					2D4A0C132394794D001D0A6C = {
						CreatedOnToolsVersion = 11.2.1;
						LastSwiftMigration = 1120;
					};
					2D4A0C1B2394794E001D0A6C = {
						CreatedOnToolsVersion = 11.2.1;
					};
					2D4A0C3323956792001D0A6C = {
						CreatedOnToolsVersion = 11.2.1;
						LastSwiftMigration = 1120;
					};
					2D4A0C3B23956792001D0A6C = {
						CreatedOnToolsVersion = 11.2.1;
					};
					2DF1B66823969AFE002C483D = {
						CreatedOnToolsVersion = 11.2.1;
						LastSwiftMigration = 1120;
					};
					2DF1B67023969AFE002C483D = {
						CreatedOnToolsVersion = 11.2.1;
					};
				};
			};
			buildConfigurationList = 2D4A0BD923947891001D0A6C /* Build configuration list for PBXProject "Advent Of Code" */;
			compatibilityVersion = "Xcode 9.3";
			developmentRegion = en;
			hasScannedForEncodings = 0;
			knownRegions = (
				en,
				Base,
			);
			mainGroup = 2D4A0BD523947891001D0A6C;
			productRefGroup = 2D4A0BDF23947891001D0A6C /* Products */;
			projectDirPath = "";
			projectRoot = "";
			targets = (
				2D4A0BEC239478A9001D0A6C /* AOCKit */,
				2D4A0BF4239478AA001D0A6C /* AOCKitTests */,
				2D4A0C132394794D001D0A6C /* Day1 */,
				2D4A0C1B2394794E001D0A6C /* Day1Tests */,
				2D4A0C3323956792001D0A6C /* Day2 */,
				2D4A0C3B23956792001D0A6C /* Day2Tests */,
				2DF1B66823969AFE002C483D /* Day3 */,
				2DF1B67023969AFE002C483D /* Day3Tests */,
				2D0D4572239812BA00DAE756 /* Day4 */,
				2D0D457A239812BA00DAE756 /* Day4Tests */,
				2D0D4597239AB16400DAE756 /* Day5 */,
				2D0D459F239AB16500DAE756 /* Day5Tests */,
			);
		};
/* End PBXProject section */

/* Begin PBXResourcesBuildPhase section */
		2D0D4571239812BA00DAE756 /* Resources */ = {
			isa = PBXResourcesBuildPhase;
			buildActionMask = 2147483647;
			files = (
			);
			runOnlyForDeploymentPostprocessing = 0;
		};
		2D0D4579239812BA00DAE756 /* Resources */ = {
			isa = PBXResourcesBuildPhase;
			buildActionMask = 2147483647;
			files = (
			);
			runOnlyForDeploymentPostprocessing = 0;
		};
		2D0D4596239AB16400DAE756 /* Resources */ = {
			isa = PBXResourcesBuildPhase;
			buildActionMask = 2147483647;
			files = (
			);
			runOnlyForDeploymentPostprocessing = 0;
		};
		2D0D459E239AB16500DAE756 /* Resources */ = {
			isa = PBXResourcesBuildPhase;
			buildActionMask = 2147483647;
			files = (
			);
			runOnlyForDeploymentPostprocessing = 0;
		};
		2D4A0BEB239478A9001D0A6C /* Resources */ = {
			isa = PBXResourcesBuildPhase;
			buildActionMask = 2147483647;
			files = (
			);
			runOnlyForDeploymentPostprocessing = 0;
		};
		2D4A0BF3239478AA001D0A6C /* Resources */ = {
			isa = PBXResourcesBuildPhase;
			buildActionMask = 2147483647;
			files = (
			);
			runOnlyForDeploymentPostprocessing = 0;
		};
		2D4A0C122394794D001D0A6C /* Resources */ = {
			isa = PBXResourcesBuildPhase;
			buildActionMask = 2147483647;
			files = (
			);
			runOnlyForDeploymentPostprocessing = 0;
		};
		2D4A0C1A2394794E001D0A6C /* Resources */ = {
			isa = PBXResourcesBuildPhase;
			buildActionMask = 2147483647;
			files = (
			);
			runOnlyForDeploymentPostprocessing = 0;
		};
		2D4A0C3223956792001D0A6C /* Resources */ = {
			isa = PBXResourcesBuildPhase;
			buildActionMask = 2147483647;
			files = (
			);
			runOnlyForDeploymentPostprocessing = 0;
		};
		2D4A0C3A23956792001D0A6C /* Resources */ = {
			isa = PBXResourcesBuildPhase;
			buildActionMask = 2147483647;
			files = (
			);
			runOnlyForDeploymentPostprocessing = 0;
		};
		2DF1B66723969AFE002C483D /* Resources */ = {
			isa = PBXResourcesBuildPhase;
			buildActionMask = 2147483647;
			files = (
			);
			runOnlyForDeploymentPostprocessing = 0;
		};
		2DF1B66F23969AFE002C483D /* Resources */ = {
			isa = PBXResourcesBuildPhase;
			buildActionMask = 2147483647;
			files = (
			);
			runOnlyForDeploymentPostprocessing = 0;
		};
/* End PBXResourcesBuildPhase section */

/* Begin PBXSourcesBuildPhase section */
		2D0D456F239812BA00DAE756 /* Sources */ = {
			isa = PBXSourcesBuildPhase;
			buildActionMask = 2147483647;
			files = (
				2D0D458B239812CB00DAE756 /* Day4.swift in Sources */,
			);
			runOnlyForDeploymentPostprocessing = 0;
		};
		2D0D4577239812BA00DAE756 /* Sources */ = {
			isa = PBXSourcesBuildPhase;
			buildActionMask = 2147483647;
			files = (
				2D0D4581239812BA00DAE756 /* Day4Tests.swift in Sources */,
			);
			runOnlyForDeploymentPostprocessing = 0;
		};
		2D0D4594239AB16400DAE756 /* Sources */ = {
			isa = PBXSourcesBuildPhase;
			buildActionMask = 2147483647;
			files = (
				2D0D45B0239AB17600DAE756 /* Day5.swift in Sources */,
			);
			runOnlyForDeploymentPostprocessing = 0;
		};
		2D0D459C239AB16500DAE756 /* Sources */ = {
			isa = PBXSourcesBuildPhase;
			buildActionMask = 2147483647;
			files = (
				2D0D45A6239AB16500DAE756 /* Day5Tests.swift in Sources */,
			);
			runOnlyForDeploymentPostprocessing = 0;
		};
		2D4A0BE9239478A9001D0A6C /* Sources */ = {
			isa = PBXSourcesBuildPhase;
			buildActionMask = 2147483647;
			files = (
				2D0D45B2239AB1CC00DAE756 /* Opcodes.swift in Sources */,
			);
			runOnlyForDeploymentPostprocessing = 0;
		};
		2D4A0BF1239478AA001D0A6C /* Sources */ = {
			isa = PBXSourcesBuildPhase;
			buildActionMask = 2147483647;
			files = (
				2D4A0BFB239478AA001D0A6C /* AOCKitTests.swift in Sources */,
				2D0D45B4239AB4AE00DAE756 /* OpcodesTests.swift in Sources */,
			);
			runOnlyForDeploymentPostprocessing = 0;
		};
		2D4A0C102394794D001D0A6C /* Sources */ = {
			isa = PBXSourcesBuildPhase;
			buildActionMask = 2147483647;
			files = (
				2D4A0C2C2394797E001D0A6C /* Day1.swift in Sources */,
			);
			runOnlyForDeploymentPostprocessing = 0;
		};
		2D4A0C182394794E001D0A6C /* Sources */ = {
			isa = PBXSourcesBuildPhase;
			buildActionMask = 2147483647;
			files = (
				2D4A0C222394794E001D0A6C /* Day1Tests.swift in Sources */,
			);
			runOnlyForDeploymentPostprocessing = 0;
		};
		2D4A0C3023956792001D0A6C /* Sources */ = {
			isa = PBXSourcesBuildPhase;
			buildActionMask = 2147483647;
			files = (
				2D4A0C4C239567A3001D0A6C /* Day2.swift in Sources */,
			);
			runOnlyForDeploymentPostprocessing = 0;
		};
		2D4A0C3823956792001D0A6C /* Sources */ = {
			isa = PBXSourcesBuildPhase;
			buildActionMask = 2147483647;
			files = (
				2D4A0C4223956792001D0A6C /* Day2Tests.swift in Sources */,
			);
			runOnlyForDeploymentPostprocessing = 0;
		};
		2DF1B66523969AFE002C483D /* Sources */ = {
			isa = PBXSourcesBuildPhase;
			buildActionMask = 2147483647;
			files = (
				2DF1B68123969B15002C483D /* Day3.swift in Sources */,
			);
			runOnlyForDeploymentPostprocessing = 0;
		};
		2DF1B66D23969AFE002C483D /* Sources */ = {
			isa = PBXSourcesBuildPhase;
			buildActionMask = 2147483647;
			files = (
				2DF1B67723969AFF002C483D /* Day3Tests.swift in Sources */,
			);
			runOnlyForDeploymentPostprocessing = 0;
		};
/* End PBXSourcesBuildPhase section */

/* Begin PBXTargetDependency section */
		2D0D457E239812BA00DAE756 /* PBXTargetDependency */ = {
			isa = PBXTargetDependency;
			target = 2D0D4572239812BA00DAE756 /* Day4 */;
			targetProxy = 2D0D457D239812BA00DAE756 /* PBXContainerItemProxy */;
		};
		2D0D45A3239AB16500DAE756 /* PBXTargetDependency */ = {
			isa = PBXTargetDependency;
			target = 2D0D4597239AB16400DAE756 /* Day5 */;
			targetProxy = 2D0D45A2239AB16500DAE756 /* PBXContainerItemProxy */;
		};
		2D0D45B6239AB5CE00DAE756 /* PBXTargetDependency */ = {
			isa = PBXTargetDependency;
			target = 2D4A0BEC239478A9001D0A6C /* AOCKit */;
			targetProxy = 2D0D45B5239AB5CE00DAE756 /* PBXContainerItemProxy */;
		};
		2D4A0BF8239478AA001D0A6C /* PBXTargetDependency */ = {
			isa = PBXTargetDependency;
			target = 2D4A0BEC239478A9001D0A6C /* AOCKit */;
			targetProxy = 2D4A0BF7239478AA001D0A6C /* PBXContainerItemProxy */;
		};
		2D4A0C1F2394794E001D0A6C /* PBXTargetDependency */ = {
			isa = PBXTargetDependency;
			target = 2D4A0C132394794D001D0A6C /* Day1 */;
			targetProxy = 2D4A0C1E2394794E001D0A6C /* PBXContainerItemProxy */;
		};
		2D4A0C3F23956792001D0A6C /* PBXTargetDependency */ = {
			isa = PBXTargetDependency;
			target = 2D4A0C3323956792001D0A6C /* Day2 */;
			targetProxy = 2D4A0C3E23956792001D0A6C /* PBXContainerItemProxy */;
		};
		2DF1B67423969AFE002C483D /* PBXTargetDependency */ = {
			isa = PBXTargetDependency;
			target = 2DF1B66823969AFE002C483D /* Day3 */;
			targetProxy = 2DF1B67323969AFE002C483D /* PBXContainerItemProxy */;
		};
/* End PBXTargetDependency section */

/* Begin XCBuildConfiguration section */
		2D0D4584239812BA00DAE756 /* Debug */ = {
			isa = XCBuildConfiguration;
			buildSettings = {
				CLANG_ENABLE_MODULES = YES;
				CODE_SIGN_STYLE = Automatic;
				COMBINE_HIDPI_IMAGES = YES;
				CURRENT_PROJECT_VERSION = 1;
				DEFINES_MODULE = YES;
				DYLIB_COMPATIBILITY_VERSION = 1;
				DYLIB_CURRENT_VERSION = 1;
				DYLIB_INSTALL_NAME_BASE = "@rpath";
				INFOPLIST_FILE = Day4/Info.plist;
				INSTALL_PATH = "$(LOCAL_LIBRARY_DIR)/Frameworks";
				LD_RUNPATH_SEARCH_PATHS = (
					"$(inherited)",
					"@executable_path/../Frameworks",
					"@loader_path/Frameworks",
				);
				PRODUCT_BUNDLE_IDENTIFIER = com.eliperkins.Day4;
				PRODUCT_NAME = "$(TARGET_NAME:c99extidentifier)";
				SKIP_INSTALL = YES;
				SWIFT_OPTIMIZATION_LEVEL = "-Onone";
				SWIFT_VERSION = 5.0;
				VERSIONING_SYSTEM = "apple-generic";
				VERSION_INFO_PREFIX = "";
			};
			name = Debug;
		};
		2D0D4585239812BA00DAE756 /* Release */ = {
			isa = XCBuildConfiguration;
			buildSettings = {
				CLANG_ENABLE_MODULES = YES;
				CODE_SIGN_STYLE = Automatic;
				COMBINE_HIDPI_IMAGES = YES;
				CURRENT_PROJECT_VERSION = 1;
				DEFINES_MODULE = YES;
				DYLIB_COMPATIBILITY_VERSION = 1;
				DYLIB_CURRENT_VERSION = 1;
				DYLIB_INSTALL_NAME_BASE = "@rpath";
				INFOPLIST_FILE = Day4/Info.plist;
				INSTALL_PATH = "$(LOCAL_LIBRARY_DIR)/Frameworks";
				LD_RUNPATH_SEARCH_PATHS = (
					"$(inherited)",
					"@executable_path/../Frameworks",
					"@loader_path/Frameworks",
				);
				PRODUCT_BUNDLE_IDENTIFIER = com.eliperkins.Day4;
				PRODUCT_NAME = "$(TARGET_NAME:c99extidentifier)";
				SKIP_INSTALL = YES;
				SWIFT_VERSION = 5.0;
				VERSIONING_SYSTEM = "apple-generic";
				VERSION_INFO_PREFIX = "";
			};
			name = Release;
		};
		2D0D4586239812BA00DAE756 /* Debug */ = {
			isa = XCBuildConfiguration;
			buildSettings = {
				ALWAYS_EMBED_SWIFT_STANDARD_LIBRARIES = YES;
				CODE_SIGN_STYLE = Automatic;
				COMBINE_HIDPI_IMAGES = YES;
				INFOPLIST_FILE = Day4Tests/Info.plist;
				LD_RUNPATH_SEARCH_PATHS = (
					"$(inherited)",
					"@executable_path/../Frameworks",
					"@loader_path/../Frameworks",
				);
				PRODUCT_BUNDLE_IDENTIFIER = com.eliperkins.Day4Tests;
				PRODUCT_NAME = "$(TARGET_NAME)";
				SWIFT_VERSION = 5.0;
			};
			name = Debug;
		};
		2D0D4587239812BA00DAE756 /* Release */ = {
			isa = XCBuildConfiguration;
			buildSettings = {
				ALWAYS_EMBED_SWIFT_STANDARD_LIBRARIES = YES;
				CODE_SIGN_STYLE = Automatic;
				COMBINE_HIDPI_IMAGES = YES;
				INFOPLIST_FILE = Day4Tests/Info.plist;
				LD_RUNPATH_SEARCH_PATHS = (
					"$(inherited)",
					"@executable_path/../Frameworks",
					"@loader_path/../Frameworks",
				);
				PRODUCT_BUNDLE_IDENTIFIER = com.eliperkins.Day4Tests;
				PRODUCT_NAME = "$(TARGET_NAME)";
				SWIFT_VERSION = 5.0;
			};
			name = Release;
		};
		2D0D45A9239AB16500DAE756 /* Debug */ = {
			isa = XCBuildConfiguration;
			buildSettings = {
				CLANG_ENABLE_MODULES = YES;
				CODE_SIGN_STYLE = Automatic;
				COMBINE_HIDPI_IMAGES = YES;
				CURRENT_PROJECT_VERSION = 1;
				DEFINES_MODULE = YES;
				DYLIB_COMPATIBILITY_VERSION = 1;
				DYLIB_CURRENT_VERSION = 1;
				DYLIB_INSTALL_NAME_BASE = "@rpath";
				INFOPLIST_FILE = Day5/Info.plist;
				INSTALL_PATH = "$(LOCAL_LIBRARY_DIR)/Frameworks";
				LD_RUNPATH_SEARCH_PATHS = (
					"$(inherited)",
					"@executable_path/../Frameworks",
					"@loader_path/Frameworks",
				);
				PRODUCT_BUNDLE_IDENTIFIER = com.eliperkins.Day5;
				PRODUCT_NAME = "$(TARGET_NAME:c99extidentifier)";
				SKIP_INSTALL = YES;
				SWIFT_OPTIMIZATION_LEVEL = "-Onone";
				SWIFT_VERSION = 5.0;
				VERSIONING_SYSTEM = "apple-generic";
				VERSION_INFO_PREFIX = "";
			};
			name = Debug;
		};
		2D0D45AA239AB16500DAE756 /* Release */ = {
			isa = XCBuildConfiguration;
			buildSettings = {
				CLANG_ENABLE_MODULES = YES;
				CODE_SIGN_STYLE = Automatic;
				COMBINE_HIDPI_IMAGES = YES;
				CURRENT_PROJECT_VERSION = 1;
				DEFINES_MODULE = YES;
				DYLIB_COMPATIBILITY_VERSION = 1;
				DYLIB_CURRENT_VERSION = 1;
				DYLIB_INSTALL_NAME_BASE = "@rpath";
				INFOPLIST_FILE = Day5/Info.plist;
				INSTALL_PATH = "$(LOCAL_LIBRARY_DIR)/Frameworks";
				LD_RUNPATH_SEARCH_PATHS = (
					"$(inherited)",
					"@executable_path/../Frameworks",
					"@loader_path/Frameworks",
				);
				PRODUCT_BUNDLE_IDENTIFIER = com.eliperkins.Day5;
				PRODUCT_NAME = "$(TARGET_NAME:c99extidentifier)";
				SKIP_INSTALL = YES;
				SWIFT_VERSION = 5.0;
				VERSIONING_SYSTEM = "apple-generic";
				VERSION_INFO_PREFIX = "";
			};
			name = Release;
		};
		2D0D45AB239AB16500DAE756 /* Debug */ = {
			isa = XCBuildConfiguration;
			buildSettings = {
				ALWAYS_EMBED_SWIFT_STANDARD_LIBRARIES = YES;
				CODE_SIGN_STYLE = Automatic;
				COMBINE_HIDPI_IMAGES = YES;
				INFOPLIST_FILE = Day5Tests/Info.plist;
				LD_RUNPATH_SEARCH_PATHS = (
					"$(inherited)",
					"@executable_path/../Frameworks",
					"@loader_path/../Frameworks",
				);
				PRODUCT_BUNDLE_IDENTIFIER = com.eliperkins.Day5Tests;
				PRODUCT_NAME = "$(TARGET_NAME)";
				SWIFT_VERSION = 5.0;
			};
			name = Debug;
		};
		2D0D45AC239AB16500DAE756 /* Release */ = {
			isa = XCBuildConfiguration;
			buildSettings = {
				ALWAYS_EMBED_SWIFT_STANDARD_LIBRARIES = YES;
				CODE_SIGN_STYLE = Automatic;
				COMBINE_HIDPI_IMAGES = YES;
				INFOPLIST_FILE = Day5Tests/Info.plist;
				LD_RUNPATH_SEARCH_PATHS = (
					"$(inherited)",
					"@executable_path/../Frameworks",
					"@loader_path/../Frameworks",
				);
				PRODUCT_BUNDLE_IDENTIFIER = com.eliperkins.Day5Tests;
				PRODUCT_NAME = "$(TARGET_NAME)";
				SWIFT_VERSION = 5.0;
			};
			name = Release;
		};
		2D4A0BE323947891001D0A6C /* Debug */ = {
			isa = XCBuildConfiguration;
			buildSettings = {
				ALWAYS_SEARCH_USER_PATHS = NO;
				CLANG_ANALYZER_NONNULL = YES;
				CLANG_ANALYZER_NUMBER_OBJECT_CONVERSION = YES_AGGRESSIVE;
				CLANG_CXX_LANGUAGE_STANDARD = "gnu++14";
				CLANG_CXX_LIBRARY = "libc++";
				CLANG_ENABLE_MODULES = YES;
				CLANG_ENABLE_OBJC_ARC = YES;
				CLANG_ENABLE_OBJC_WEAK = YES;
				CLANG_WARN_BLOCK_CAPTURE_AUTORELEASING = YES;
				CLANG_WARN_BOOL_CONVERSION = YES;
				CLANG_WARN_COMMA = YES;
				CLANG_WARN_CONSTANT_CONVERSION = YES;
				CLANG_WARN_DEPRECATED_OBJC_IMPLEMENTATIONS = YES;
				CLANG_WARN_DIRECT_OBJC_ISA_USAGE = YES_ERROR;
				CLANG_WARN_DOCUMENTATION_COMMENTS = YES;
				CLANG_WARN_EMPTY_BODY = YES;
				CLANG_WARN_ENUM_CONVERSION = YES;
				CLANG_WARN_INFINITE_RECURSION = YES;
				CLANG_WARN_INT_CONVERSION = YES;
				CLANG_WARN_NON_LITERAL_NULL_CONVERSION = YES;
				CLANG_WARN_OBJC_IMPLICIT_RETAIN_SELF = YES;
				CLANG_WARN_OBJC_LITERAL_CONVERSION = YES;
				CLANG_WARN_OBJC_ROOT_CLASS = YES_ERROR;
				CLANG_WARN_RANGE_LOOP_ANALYSIS = YES;
				CLANG_WARN_STRICT_PROTOTYPES = YES;
				CLANG_WARN_SUSPICIOUS_MOVE = YES;
				CLANG_WARN_UNGUARDED_AVAILABILITY = YES_AGGRESSIVE;
				CLANG_WARN_UNREACHABLE_CODE = YES;
				CLANG_WARN__DUPLICATE_METHOD_MATCH = YES;
				COPY_PHASE_STRIP = NO;
				DEBUG_INFORMATION_FORMAT = dwarf;
				ENABLE_STRICT_OBJC_MSGSEND = YES;
				ENABLE_TESTABILITY = YES;
				GCC_C_LANGUAGE_STANDARD = gnu11;
				GCC_DYNAMIC_NO_PIC = NO;
				GCC_NO_COMMON_BLOCKS = YES;
				GCC_OPTIMIZATION_LEVEL = 0;
				GCC_PREPROCESSOR_DEFINITIONS = (
					"DEBUG=1",
					"$(inherited)",
				);
				GCC_WARN_64_TO_32_BIT_CONVERSION = YES;
				GCC_WARN_ABOUT_RETURN_TYPE = YES_ERROR;
				GCC_WARN_UNDECLARED_SELECTOR = YES;
				GCC_WARN_UNINITIALIZED_AUTOS = YES_AGGRESSIVE;
				GCC_WARN_UNUSED_FUNCTION = YES;
				GCC_WARN_UNUSED_VARIABLE = YES;
				MACOSX_DEPLOYMENT_TARGET = 10.14;
				MTL_ENABLE_DEBUG_INFO = INCLUDE_SOURCE;
				MTL_FAST_MATH = YES;
				ONLY_ACTIVE_ARCH = YES;
				SDKROOT = macosx;
				SWIFT_ACTIVE_COMPILATION_CONDITIONS = DEBUG;
				SWIFT_OPTIMIZATION_LEVEL = "-Onone";
			};
			name = Debug;
		};
		2D4A0BE423947891001D0A6C /* Release */ = {
			isa = XCBuildConfiguration;
			buildSettings = {
				ALWAYS_SEARCH_USER_PATHS = NO;
				CLANG_ANALYZER_NONNULL = YES;
				CLANG_ANALYZER_NUMBER_OBJECT_CONVERSION = YES_AGGRESSIVE;
				CLANG_CXX_LANGUAGE_STANDARD = "gnu++14";
				CLANG_CXX_LIBRARY = "libc++";
				CLANG_ENABLE_MODULES = YES;
				CLANG_ENABLE_OBJC_ARC = YES;
				CLANG_ENABLE_OBJC_WEAK = YES;
				CLANG_WARN_BLOCK_CAPTURE_AUTORELEASING = YES;
				CLANG_WARN_BOOL_CONVERSION = YES;
				CLANG_WARN_COMMA = YES;
				CLANG_WARN_CONSTANT_CONVERSION = YES;
				CLANG_WARN_DEPRECATED_OBJC_IMPLEMENTATIONS = YES;
				CLANG_WARN_DIRECT_OBJC_ISA_USAGE = YES_ERROR;
				CLANG_WARN_DOCUMENTATION_COMMENTS = YES;
				CLANG_WARN_EMPTY_BODY = YES;
				CLANG_WARN_ENUM_CONVERSION = YES;
				CLANG_WARN_INFINITE_RECURSION = YES;
				CLANG_WARN_INT_CONVERSION = YES;
				CLANG_WARN_NON_LITERAL_NULL_CONVERSION = YES;
				CLANG_WARN_OBJC_IMPLICIT_RETAIN_SELF = YES;
				CLANG_WARN_OBJC_LITERAL_CONVERSION = YES;
				CLANG_WARN_OBJC_ROOT_CLASS = YES_ERROR;
				CLANG_WARN_RANGE_LOOP_ANALYSIS = YES;
				CLANG_WARN_STRICT_PROTOTYPES = YES;
				CLANG_WARN_SUSPICIOUS_MOVE = YES;
				CLANG_WARN_UNGUARDED_AVAILABILITY = YES_AGGRESSIVE;
				CLANG_WARN_UNREACHABLE_CODE = YES;
				CLANG_WARN__DUPLICATE_METHOD_MATCH = YES;
				COPY_PHASE_STRIP = NO;
				DEBUG_INFORMATION_FORMAT = "dwarf-with-dsym";
				ENABLE_NS_ASSERTIONS = NO;
				ENABLE_STRICT_OBJC_MSGSEND = YES;
				GCC_C_LANGUAGE_STANDARD = gnu11;
				GCC_NO_COMMON_BLOCKS = YES;
				GCC_WARN_64_TO_32_BIT_CONVERSION = YES;
				GCC_WARN_ABOUT_RETURN_TYPE = YES_ERROR;
				GCC_WARN_UNDECLARED_SELECTOR = YES;
				GCC_WARN_UNINITIALIZED_AUTOS = YES_AGGRESSIVE;
				GCC_WARN_UNUSED_FUNCTION = YES;
				GCC_WARN_UNUSED_VARIABLE = YES;
				MACOSX_DEPLOYMENT_TARGET = 10.14;
				MTL_ENABLE_DEBUG_INFO = NO;
				MTL_FAST_MATH = YES;
				SDKROOT = macosx;
				SWIFT_COMPILATION_MODE = wholemodule;
				SWIFT_OPTIMIZATION_LEVEL = "-O";
			};
			name = Release;
		};
		2D4A0BFF239478AA001D0A6C /* Debug */ = {
			isa = XCBuildConfiguration;
			buildSettings = {
				CLANG_ENABLE_MODULES = YES;
				CODE_SIGN_IDENTITY = "Apple Development";
				CODE_SIGN_STYLE = Automatic;
				COMBINE_HIDPI_IMAGES = YES;
				CURRENT_PROJECT_VERSION = 1;
				DEFINES_MODULE = YES;
				DEVELOPMENT_TEAM = "";
				DYLIB_COMPATIBILITY_VERSION = 1;
				DYLIB_CURRENT_VERSION = 1;
				DYLIB_INSTALL_NAME_BASE = "@rpath";
				INFOPLIST_FILE = AOCKit/Info.plist;
				INSTALL_PATH = "$(LOCAL_LIBRARY_DIR)/Frameworks";
				LD_RUNPATH_SEARCH_PATHS = (
					"$(inherited)",
					"@executable_path/../Frameworks",
					"@loader_path/Frameworks",
				);
				PRODUCT_BUNDLE_IDENTIFIER = com.eliperkins.AOCKit;
				PRODUCT_NAME = "$(TARGET_NAME:c99extidentifier)";
				SKIP_INSTALL = YES;
				SWIFT_OPTIMIZATION_LEVEL = "-Onone";
				SWIFT_VERSION = 5.0;
				VERSIONING_SYSTEM = "apple-generic";
				VERSION_INFO_PREFIX = "";
			};
			name = Debug;
		};
		2D4A0C00239478AA001D0A6C /* Release */ = {
			isa = XCBuildConfiguration;
			buildSettings = {
				CLANG_ENABLE_MODULES = YES;
				CODE_SIGN_IDENTITY = "Apple Development";
				CODE_SIGN_STYLE = Automatic;
				COMBINE_HIDPI_IMAGES = YES;
				CURRENT_PROJECT_VERSION = 1;
				DEFINES_MODULE = YES;
				DEVELOPMENT_TEAM = "";
				DYLIB_COMPATIBILITY_VERSION = 1;
				DYLIB_CURRENT_VERSION = 1;
				DYLIB_INSTALL_NAME_BASE = "@rpath";
				INFOPLIST_FILE = AOCKit/Info.plist;
				INSTALL_PATH = "$(LOCAL_LIBRARY_DIR)/Frameworks";
				LD_RUNPATH_SEARCH_PATHS = (
					"$(inherited)",
					"@executable_path/../Frameworks",
					"@loader_path/Frameworks",
				);
				PRODUCT_BUNDLE_IDENTIFIER = com.eliperkins.AOCKit;
				PRODUCT_NAME = "$(TARGET_NAME:c99extidentifier)";
				SKIP_INSTALL = YES;
				SWIFT_VERSION = 5.0;
				VERSIONING_SYSTEM = "apple-generic";
				VERSION_INFO_PREFIX = "";
			};
			name = Release;
		};
		2D4A0C02239478AA001D0A6C /* Debug */ = {
			isa = XCBuildConfiguration;
			buildSettings = {
				ALWAYS_EMBED_SWIFT_STANDARD_LIBRARIES = YES;
				CODE_SIGN_STYLE = Automatic;
				COMBINE_HIDPI_IMAGES = YES;
				DEVELOPMENT_TEAM = "";
				INFOPLIST_FILE = AOCKitTests/Info.plist;
				LD_RUNPATH_SEARCH_PATHS = (
					"$(inherited)",
					"@executable_path/../Frameworks",
					"@loader_path/../Frameworks",
				);
				PRODUCT_BUNDLE_IDENTIFIER = com.eliperkins.AOCKitTests;
				PRODUCT_NAME = "$(TARGET_NAME)";
				SWIFT_VERSION = 5.0;
			};
			name = Debug;
		};
		2D4A0C03239478AA001D0A6C /* Release */ = {
			isa = XCBuildConfiguration;
			buildSettings = {
				ALWAYS_EMBED_SWIFT_STANDARD_LIBRARIES = YES;
				CODE_SIGN_STYLE = Automatic;
				COMBINE_HIDPI_IMAGES = YES;
				DEVELOPMENT_TEAM = "";
				INFOPLIST_FILE = AOCKitTests/Info.plist;
				LD_RUNPATH_SEARCH_PATHS = (
					"$(inherited)",
					"@executable_path/../Frameworks",
					"@loader_path/../Frameworks",
				);
				PRODUCT_BUNDLE_IDENTIFIER = com.eliperkins.AOCKitTests;
				PRODUCT_NAME = "$(TARGET_NAME)";
				SWIFT_VERSION = 5.0;
			};
			name = Release;
		};
		2D4A0C262394794E001D0A6C /* Debug */ = {
			isa = XCBuildConfiguration;
			buildSettings = {
				CLANG_ENABLE_MODULES = YES;
				CODE_SIGN_STYLE = Automatic;
				COMBINE_HIDPI_IMAGES = YES;
				CURRENT_PROJECT_VERSION = 1;
				DEFINES_MODULE = YES;
				DEVELOPMENT_TEAM = "";
				DYLIB_COMPATIBILITY_VERSION = 1;
				DYLIB_CURRENT_VERSION = 1;
				DYLIB_INSTALL_NAME_BASE = "@rpath";
				INFOPLIST_FILE = Day1/Info.plist;
				INSTALL_PATH = "$(LOCAL_LIBRARY_DIR)/Frameworks";
				LD_RUNPATH_SEARCH_PATHS = (
					"$(inherited)",
					"@executable_path/../Frameworks",
					"@loader_path/Frameworks",
				);
				PRODUCT_BUNDLE_IDENTIFIER = com.eliperkins.Day1;
				PRODUCT_NAME = "$(TARGET_NAME:c99extidentifier)";
				SKIP_INSTALL = YES;
				SWIFT_OPTIMIZATION_LEVEL = "-Onone";
				SWIFT_VERSION = 5.0;
				VERSIONING_SYSTEM = "apple-generic";
				VERSION_INFO_PREFIX = "";
			};
			name = Debug;
		};
		2D4A0C272394794E001D0A6C /* Release */ = {
			isa = XCBuildConfiguration;
			buildSettings = {
				CLANG_ENABLE_MODULES = YES;
				CODE_SIGN_STYLE = Automatic;
				COMBINE_HIDPI_IMAGES = YES;
				CURRENT_PROJECT_VERSION = 1;
				DEFINES_MODULE = YES;
				DEVELOPMENT_TEAM = "";
				DYLIB_COMPATIBILITY_VERSION = 1;
				DYLIB_CURRENT_VERSION = 1;
				DYLIB_INSTALL_NAME_BASE = "@rpath";
				INFOPLIST_FILE = Day1/Info.plist;
				INSTALL_PATH = "$(LOCAL_LIBRARY_DIR)/Frameworks";
				LD_RUNPATH_SEARCH_PATHS = (
					"$(inherited)",
					"@executable_path/../Frameworks",
					"@loader_path/Frameworks",
				);
				PRODUCT_BUNDLE_IDENTIFIER = com.eliperkins.Day1;
				PRODUCT_NAME = "$(TARGET_NAME:c99extidentifier)";
				SKIP_INSTALL = YES;
				SWIFT_VERSION = 5.0;
				VERSIONING_SYSTEM = "apple-generic";
				VERSION_INFO_PREFIX = "";
			};
			name = Release;
		};
		2D4A0C292394794E001D0A6C /* Debug */ = {
			isa = XCBuildConfiguration;
			buildSettings = {
				ALWAYS_EMBED_SWIFT_STANDARD_LIBRARIES = YES;
				CODE_SIGN_STYLE = Automatic;
				COMBINE_HIDPI_IMAGES = YES;
				DEVELOPMENT_TEAM = "";
				INFOPLIST_FILE = Day1Tests/Info.plist;
				LD_RUNPATH_SEARCH_PATHS = (
					"$(inherited)",
					"@executable_path/../Frameworks",
					"@loader_path/../Frameworks",
				);
				PRODUCT_BUNDLE_IDENTIFIER = com.eliperkins.Day1Tests;
				PRODUCT_NAME = "$(TARGET_NAME)";
				SWIFT_VERSION = 5.0;
			};
			name = Debug;
		};
		2D4A0C2A2394794E001D0A6C /* Release */ = {
			isa = XCBuildConfiguration;
			buildSettings = {
				ALWAYS_EMBED_SWIFT_STANDARD_LIBRARIES = YES;
				CODE_SIGN_STYLE = Automatic;
				COMBINE_HIDPI_IMAGES = YES;
				DEVELOPMENT_TEAM = "";
				INFOPLIST_FILE = Day1Tests/Info.plist;
				LD_RUNPATH_SEARCH_PATHS = (
					"$(inherited)",
					"@executable_path/../Frameworks",
					"@loader_path/../Frameworks",
				);
				PRODUCT_BUNDLE_IDENTIFIER = com.eliperkins.Day1Tests;
				PRODUCT_NAME = "$(TARGET_NAME)";
				SWIFT_VERSION = 5.0;
			};
			name = Release;
		};
		2D4A0C4523956793001D0A6C /* Debug */ = {
			isa = XCBuildConfiguration;
			buildSettings = {
				CLANG_ENABLE_MODULES = YES;
				CODE_SIGN_STYLE = Automatic;
				COMBINE_HIDPI_IMAGES = YES;
				CURRENT_PROJECT_VERSION = 1;
				DEFINES_MODULE = YES;
				DEVELOPMENT_TEAM = "";
				DYLIB_COMPATIBILITY_VERSION = 1;
				DYLIB_CURRENT_VERSION = 1;
				DYLIB_INSTALL_NAME_BASE = "@rpath";
				INFOPLIST_FILE = Day2/Info.plist;
				INSTALL_PATH = "$(LOCAL_LIBRARY_DIR)/Frameworks";
				LD_RUNPATH_SEARCH_PATHS = (
					"$(inherited)",
					"@executable_path/../Frameworks",
					"@loader_path/Frameworks",
				);
				PRODUCT_BUNDLE_IDENTIFIER = com.eliperkins.Day2;
				PRODUCT_NAME = "$(TARGET_NAME:c99extidentifier)";
				SKIP_INSTALL = YES;
				SWIFT_OPTIMIZATION_LEVEL = "-Onone";
				SWIFT_VERSION = 5.0;
				VERSIONING_SYSTEM = "apple-generic";
				VERSION_INFO_PREFIX = "";
			};
			name = Debug;
		};
		2D4A0C4623956793001D0A6C /* Release */ = {
			isa = XCBuildConfiguration;
			buildSettings = {
				CLANG_ENABLE_MODULES = YES;
				CODE_SIGN_STYLE = Automatic;
				COMBINE_HIDPI_IMAGES = YES;
				CURRENT_PROJECT_VERSION = 1;
				DEFINES_MODULE = YES;
				DEVELOPMENT_TEAM = "";
				DYLIB_COMPATIBILITY_VERSION = 1;
				DYLIB_CURRENT_VERSION = 1;
				DYLIB_INSTALL_NAME_BASE = "@rpath";
				INFOPLIST_FILE = Day2/Info.plist;
				INSTALL_PATH = "$(LOCAL_LIBRARY_DIR)/Frameworks";
				LD_RUNPATH_SEARCH_PATHS = (
					"$(inherited)",
					"@executable_path/../Frameworks",
					"@loader_path/Frameworks",
				);
				PRODUCT_BUNDLE_IDENTIFIER = com.eliperkins.Day2;
				PRODUCT_NAME = "$(TARGET_NAME:c99extidentifier)";
				SKIP_INSTALL = YES;
				SWIFT_VERSION = 5.0;
				VERSIONING_SYSTEM = "apple-generic";
				VERSION_INFO_PREFIX = "";
			};
			name = Release;
		};
		2D4A0C4723956793001D0A6C /* Debug */ = {
			isa = XCBuildConfiguration;
			buildSettings = {
				ALWAYS_EMBED_SWIFT_STANDARD_LIBRARIES = YES;
				CODE_SIGN_STYLE = Automatic;
				COMBINE_HIDPI_IMAGES = YES;
				DEVELOPMENT_TEAM = "";
				INFOPLIST_FILE = Day2Tests/Info.plist;
				LD_RUNPATH_SEARCH_PATHS = (
					"$(inherited)",
					"@executable_path/../Frameworks",
					"@loader_path/../Frameworks",
				);
				PRODUCT_BUNDLE_IDENTIFIER = com.eliperkins.Day2Tests;
				PRODUCT_NAME = "$(TARGET_NAME)";
				SWIFT_VERSION = 5.0;
			};
			name = Debug;
		};
		2D4A0C4823956793001D0A6C /* Release */ = {
			isa = XCBuildConfiguration;
			buildSettings = {
				ALWAYS_EMBED_SWIFT_STANDARD_LIBRARIES = YES;
				CODE_SIGN_STYLE = Automatic;
				COMBINE_HIDPI_IMAGES = YES;
				DEVELOPMENT_TEAM = "";
				INFOPLIST_FILE = Day2Tests/Info.plist;
				LD_RUNPATH_SEARCH_PATHS = (
					"$(inherited)",
					"@executable_path/../Frameworks",
					"@loader_path/../Frameworks",
				);
				PRODUCT_BUNDLE_IDENTIFIER = com.eliperkins.Day2Tests;
				PRODUCT_NAME = "$(TARGET_NAME)";
				SWIFT_VERSION = 5.0;
			};
			name = Release;
		};
		2DF1B67A23969AFF002C483D /* Debug */ = {
			isa = XCBuildConfiguration;
			buildSettings = {
				CLANG_ENABLE_MODULES = YES;
				CODE_SIGN_STYLE = Automatic;
				COMBINE_HIDPI_IMAGES = YES;
				CURRENT_PROJECT_VERSION = 1;
				DEFINES_MODULE = YES;
				DYLIB_COMPATIBILITY_VERSION = 1;
				DYLIB_CURRENT_VERSION = 1;
				DYLIB_INSTALL_NAME_BASE = "@rpath";
				INFOPLIST_FILE = Day3/Info.plist;
				INSTALL_PATH = "$(LOCAL_LIBRARY_DIR)/Frameworks";
				LD_RUNPATH_SEARCH_PATHS = (
					"$(inherited)",
					"@executable_path/../Frameworks",
					"@loader_path/Frameworks",
				);
				PRODUCT_BUNDLE_IDENTIFIER = com.eliperkins.Day3;
				PRODUCT_NAME = "$(TARGET_NAME:c99extidentifier)";
				SKIP_INSTALL = YES;
				SWIFT_OPTIMIZATION_LEVEL = "-Onone";
				SWIFT_VERSION = 5.0;
				VERSIONING_SYSTEM = "apple-generic";
				VERSION_INFO_PREFIX = "";
			};
			name = Debug;
		};
		2DF1B67B23969AFF002C483D /* Release */ = {
			isa = XCBuildConfiguration;
			buildSettings = {
				CLANG_ENABLE_MODULES = YES;
				CODE_SIGN_STYLE = Automatic;
				COMBINE_HIDPI_IMAGES = YES;
				CURRENT_PROJECT_VERSION = 1;
				DEFINES_MODULE = YES;
				DYLIB_COMPATIBILITY_VERSION = 1;
				DYLIB_CURRENT_VERSION = 1;
				DYLIB_INSTALL_NAME_BASE = "@rpath";
				INFOPLIST_FILE = Day3/Info.plist;
				INSTALL_PATH = "$(LOCAL_LIBRARY_DIR)/Frameworks";
				LD_RUNPATH_SEARCH_PATHS = (
					"$(inherited)",
					"@executable_path/../Frameworks",
					"@loader_path/Frameworks",
				);
				PRODUCT_BUNDLE_IDENTIFIER = com.eliperkins.Day3;
				PRODUCT_NAME = "$(TARGET_NAME:c99extidentifier)";
				SKIP_INSTALL = YES;
				SWIFT_VERSION = 5.0;
				VERSIONING_SYSTEM = "apple-generic";
				VERSION_INFO_PREFIX = "";
			};
			name = Release;
		};
		2DF1B67C23969AFF002C483D /* Debug */ = {
			isa = XCBuildConfiguration;
			buildSettings = {
				ALWAYS_EMBED_SWIFT_STANDARD_LIBRARIES = YES;
				CODE_SIGN_STYLE = Automatic;
				COMBINE_HIDPI_IMAGES = YES;
				INFOPLIST_FILE = Day3Tests/Info.plist;
				LD_RUNPATH_SEARCH_PATHS = (
					"$(inherited)",
					"@executable_path/../Frameworks",
					"@loader_path/../Frameworks",
				);
				PRODUCT_BUNDLE_IDENTIFIER = com.eliperkins.Day3Tests;
				PRODUCT_NAME = "$(TARGET_NAME)";
				SWIFT_VERSION = 5.0;
			};
			name = Debug;
		};
		2DF1B67D23969AFF002C483D /* Release */ = {
			isa = XCBuildConfiguration;
			buildSettings = {
				ALWAYS_EMBED_SWIFT_STANDARD_LIBRARIES = YES;
				CODE_SIGN_STYLE = Automatic;
				COMBINE_HIDPI_IMAGES = YES;
				INFOPLIST_FILE = Day3Tests/Info.plist;
				LD_RUNPATH_SEARCH_PATHS = (
					"$(inherited)",
					"@executable_path/../Frameworks",
					"@loader_path/../Frameworks",
				);
				PRODUCT_BUNDLE_IDENTIFIER = com.eliperkins.Day3Tests;
				PRODUCT_NAME = "$(TARGET_NAME)";
				SWIFT_VERSION = 5.0;
			};
			name = Release;
		};
/* End XCBuildConfiguration section */

/* Begin XCConfigurationList section */
		2D0D4588239812BA00DAE756 /* Build configuration list for PBXNativeTarget "Day4" */ = {
			isa = XCConfigurationList;
			buildConfigurations = (
				2D0D4584239812BA00DAE756 /* Debug */,
				2D0D4585239812BA00DAE756 /* Release */,
			);
			defaultConfigurationIsVisible = 0;
			defaultConfigurationName = Release;
		};
		2D0D4589239812BA00DAE756 /* Build configuration list for PBXNativeTarget "Day4Tests" */ = {
			isa = XCConfigurationList;
			buildConfigurations = (
				2D0D4586239812BA00DAE756 /* Debug */,
				2D0D4587239812BA00DAE756 /* Release */,
			);
			defaultConfigurationIsVisible = 0;
			defaultConfigurationName = Release;
		};
		2D0D45AD239AB16500DAE756 /* Build configuration list for PBXNativeTarget "Day5" */ = {
			isa = XCConfigurationList;
			buildConfigurations = (
				2D0D45A9239AB16500DAE756 /* Debug */,
				2D0D45AA239AB16500DAE756 /* Release */,
			);
			defaultConfigurationIsVisible = 0;
			defaultConfigurationName = Release;
		};
		2D0D45AE239AB16500DAE756 /* Build configuration list for PBXNativeTarget "Day5Tests" */ = {
			isa = XCConfigurationList;
			buildConfigurations = (
				2D0D45AB239AB16500DAE756 /* Debug */,
				2D0D45AC239AB16500DAE756 /* Release */,
			);
			defaultConfigurationIsVisible = 0;
			defaultConfigurationName = Release;
		};
		2D4A0BD923947891001D0A6C /* Build configuration list for PBXProject "Advent Of Code" */ = {
			isa = XCConfigurationList;
			buildConfigurations = (
				2D4A0BE323947891001D0A6C /* Debug */,
				2D4A0BE423947891001D0A6C /* Release */,
			);
			defaultConfigurationIsVisible = 0;
			defaultConfigurationName = Release;
		};
		2D4A0BFE239478AA001D0A6C /* Build configuration list for PBXNativeTarget "AOCKit" */ = {
			isa = XCConfigurationList;
			buildConfigurations = (
				2D4A0BFF239478AA001D0A6C /* Debug */,
				2D4A0C00239478AA001D0A6C /* Release */,
			);
			defaultConfigurationIsVisible = 0;
			defaultConfigurationName = Release;
		};
		2D4A0C01239478AA001D0A6C /* Build configuration list for PBXNativeTarget "AOCKitTests" */ = {
			isa = XCConfigurationList;
			buildConfigurations = (
				2D4A0C02239478AA001D0A6C /* Debug */,
				2D4A0C03239478AA001D0A6C /* Release */,
			);
			defaultConfigurationIsVisible = 0;
			defaultConfigurationName = Release;
		};
		2D4A0C252394794E001D0A6C /* Build configuration list for PBXNativeTarget "Day1" */ = {
			isa = XCConfigurationList;
			buildConfigurations = (
				2D4A0C262394794E001D0A6C /* Debug */,
				2D4A0C272394794E001D0A6C /* Release */,
			);
			defaultConfigurationIsVisible = 0;
			defaultConfigurationName = Release;
		};
		2D4A0C282394794E001D0A6C /* Build configuration list for PBXNativeTarget "Day1Tests" */ = {
			isa = XCConfigurationList;
			buildConfigurations = (
				2D4A0C292394794E001D0A6C /* Debug */,
				2D4A0C2A2394794E001D0A6C /* Release */,
			);
			defaultConfigurationIsVisible = 0;
			defaultConfigurationName = Release;
		};
		2D4A0C4923956793001D0A6C /* Build configuration list for PBXNativeTarget "Day2" */ = {
			isa = XCConfigurationList;
			buildConfigurations = (
				2D4A0C4523956793001D0A6C /* Debug */,
				2D4A0C4623956793001D0A6C /* Release */,
			);
			defaultConfigurationIsVisible = 0;
			defaultConfigurationName = Release;
		};
		2D4A0C4A23956793001D0A6C /* Build configuration list for PBXNativeTarget "Day2Tests" */ = {
			isa = XCConfigurationList;
			buildConfigurations = (
				2D4A0C4723956793001D0A6C /* Debug */,
				2D4A0C4823956793001D0A6C /* Release */,
			);
			defaultConfigurationIsVisible = 0;
			defaultConfigurationName = Release;
		};
		2DF1B67E23969AFF002C483D /* Build configuration list for PBXNativeTarget "Day3" */ = {
			isa = XCConfigurationList;
			buildConfigurations = (
				2DF1B67A23969AFF002C483D /* Debug */,
				2DF1B67B23969AFF002C483D /* Release */,
			);
			defaultConfigurationIsVisible = 0;
			defaultConfigurationName = Release;
		};
		2DF1B67F23969AFF002C483D /* Build configuration list for PBXNativeTarget "Day3Tests" */ = {
			isa = XCConfigurationList;
			buildConfigurations = (
				2DF1B67C23969AFF002C483D /* Debug */,
				2DF1B67D23969AFF002C483D /* Release */,
			);
			defaultConfigurationIsVisible = 0;
			defaultConfigurationName = Release;
		};
/* End XCConfigurationList section */
	};
	rootObject = 2D4A0BD623947891001D0A6C /* Project object */;
}
